
Microsoft Visual Studio Solution File, Format Version 12.00
# Visual Studio Version 16
VisualStudioVersion = 16.0.29509.3
MinimumVisualStudioVersion = 10.0.40219.1
Project("{9A19103F-16F7-4668-BE54-9A1E7A4F7556}") = "Miki.Framework", "Miki.Framework\Miki.Framework.csproj", "{017D13E6-17C3-484C-B5B0-55C6EDE5E1B4}"
EndProject
Project("{9A19103F-16F7-4668-BE54-9A1E7A4F7556}") = "Miki.Framework.Commands.Permissions", "Miki.Framework.Commands.Permissions\Miki.Framework.Commands.Permissions.csproj", "{3C1973F1-0DA2-4B93-9C63-772468BF63F5}"
EndProject
Project("{9A19103F-16F7-4668-BE54-9A1E7A4F7556}") = "Miki.Framework.Arguments", "Miki.Framework.Arguments\Miki.Framework.Arguments.csproj", "{919E4A12-77B7-45AC-A084-E602FC24BAE6}"
EndProject
Project("{9A19103F-16F7-4668-BE54-9A1E7A4F7556}") = "Miki.Framework.Commands", "Miki.Framework.Commands\Miki.Framework.Commands.csproj", "{B6FA0AA3-CCC6-4475-8622-1ED9CAF02916}"
EndProject
Project("{9A19103F-16F7-4668-BE54-9A1E7A4F7556}") = "Miki.Framework.Routines", "Miki.Framework.Routines\Miki.Framework.Routines.csproj", "{14FF4621-08D8-43CE-A57B-33884B988AD0}"
EndProject
Project("{9A19103F-16F7-4668-BE54-9A1E7A4F7556}") = "Miki.Framework.Tests", "Miki.Framework.Tests\Miki.Framework.Tests.csproj", "{C32EDC70-5D41-492E-9A4E-3291215BB6B9}"
EndProject
Project("{9A19103F-16F7-4668-BE54-9A1E7A4F7556}") = "Miki.Framework.Commands.Localization", "Miki.Framework.Commands.Localization\Miki.Framework.Commands.Localization.csproj", "{5C3B1F88-D942-4C91-8C86-828FA57D5D83}"
EndProject
Project("{9A19103F-16F7-4668-BE54-9A1E7A4F7556}") = "Miki.Framework.Commands.Prefixes", "Miki.Framework.Commands.Prefixes\Miki.Framework.Commands.Prefixes.csproj", "{D4BE949C-FE0B-49CF-B2E7-BFE9700E91B4}"
EndProject
Project("{9A19103F-16F7-4668-BE54-9A1E7A4F7556}") = "Miki.Framework.Services", "Miki.Framework.Services\Miki.Framework.Services.csproj", "{ABB192CD-B1A6-4D76-B476-4CF3AA2C87B8}"
EndProject
Project("{9A19103F-16F7-4668-BE54-9A1E7A4F7556}") = "Miki.Framework.Common", "Miki.Framework.Common\Miki.Framework.Common.csproj", "{C8CD7A87-CA5E-4D37-A744-A1BFC801851F}"
EndProject
Project("{9A19103F-16F7-4668-BE54-9A1E7A4F7556}") = "Miki.Framework.Commands.States", "Miki.Framework.Commands.States\Miki.Framework.Commands.States.csproj", "{B18A54C6-39EA-4F14-B7EB-83563DC92EA5}"
EndProject
Project("{9A19103F-16F7-4668-BE54-9A1E7A4F7556}") = "Miki.Framework.Commands.Scopes", "Miki.Framework.Commands.Scopes\Miki.Framework.Commands.Scopes.csproj", "{7921A92B-9F78-4E1E-A71C-1D38157ADEC6}"
EndProject
Project("{9A19103F-16F7-4668-BE54-9A1E7A4F7556}") = "Miki.Framework.Commands.Filters", "Miki.Framework.Commands.Filters\Miki.Framework.Commands.Filters.csproj", "{C8F412EB-645B-42EA-B21E-5A04D813D930}"
EndProject
Global
	GlobalSection(SolutionConfigurationPlatforms) = preSolution
		Debug Production|Any CPU = Debug Production|Any CPU
		Debug|Any CPU = Debug|Any CPU
		Prod|Any CPU = Prod|Any CPU
		Release|Any CPU = Release|Any CPU
	EndGlobalSection
	GlobalSection(ProjectConfigurationPlatforms) = postSolution
		{017D13E6-17C3-484C-B5B0-55C6EDE5E1B4}.Debug Production|Any CPU.ActiveCfg = Debug Production|Any CPU
		{017D13E6-17C3-484C-B5B0-55C6EDE5E1B4}.Debug Production|Any CPU.Build.0 = Debug Production|Any CPU
		{017D13E6-17C3-484C-B5B0-55C6EDE5E1B4}.Debug|Any CPU.ActiveCfg = Debug|Any CPU
		{017D13E6-17C3-484C-B5B0-55C6EDE5E1B4}.Debug|Any CPU.Build.0 = Debug|Any CPU
		{017D13E6-17C3-484C-B5B0-55C6EDE5E1B4}.Prod|Any CPU.ActiveCfg = Prod|Any CPU
		{017D13E6-17C3-484C-B5B0-55C6EDE5E1B4}.Prod|Any CPU.Build.0 = Prod|Any CPU
		{017D13E6-17C3-484C-B5B0-55C6EDE5E1B4}.Release|Any CPU.ActiveCfg = Release|Any CPU
		{017D13E6-17C3-484C-B5B0-55C6EDE5E1B4}.Release|Any CPU.Build.0 = Release|Any CPU
		{3C1973F1-0DA2-4B93-9C63-772468BF63F5}.Debug Production|Any CPU.ActiveCfg = Debug|Any CPU
		{3C1973F1-0DA2-4B93-9C63-772468BF63F5}.Debug Production|Any CPU.Build.0 = Debug|Any CPU
		{3C1973F1-0DA2-4B93-9C63-772468BF63F5}.Debug|Any CPU.ActiveCfg = Debug|Any CPU
		{3C1973F1-0DA2-4B93-9C63-772468BF63F5}.Debug|Any CPU.Build.0 = Debug|Any CPU
		{3C1973F1-0DA2-4B93-9C63-772468BF63F5}.Prod|Any CPU.ActiveCfg = Debug|Any CPU
		{3C1973F1-0DA2-4B93-9C63-772468BF63F5}.Prod|Any CPU.Build.0 = Debug|Any CPU
		{3C1973F1-0DA2-4B93-9C63-772468BF63F5}.Release|Any CPU.ActiveCfg = Release|Any CPU
		{3C1973F1-0DA2-4B93-9C63-772468BF63F5}.Release|Any CPU.Build.0 = Release|Any CPU
		{919E4A12-77B7-45AC-A084-E602FC24BAE6}.Debug Production|Any CPU.ActiveCfg = Debug|Any CPU
		{919E4A12-77B7-45AC-A084-E602FC24BAE6}.Debug Production|Any CPU.Build.0 = Debug|Any CPU
		{919E4A12-77B7-45AC-A084-E602FC24BAE6}.Debug|Any CPU.ActiveCfg = Debug|Any CPU
		{919E4A12-77B7-45AC-A084-E602FC24BAE6}.Debug|Any CPU.Build.0 = Debug|Any CPU
		{919E4A12-77B7-45AC-A084-E602FC24BAE6}.Prod|Any CPU.ActiveCfg = Debug|Any CPU
		{919E4A12-77B7-45AC-A084-E602FC24BAE6}.Prod|Any CPU.Build.0 = Debug|Any CPU
		{919E4A12-77B7-45AC-A084-E602FC24BAE6}.Release|Any CPU.ActiveCfg = Release|Any CPU
		{919E4A12-77B7-45AC-A084-E602FC24BAE6}.Release|Any CPU.Build.0 = Release|Any CPU
		{B6FA0AA3-CCC6-4475-8622-1ED9CAF02916}.Debug Production|Any CPU.ActiveCfg = Debug|Any CPU
		{B6FA0AA3-CCC6-4475-8622-1ED9CAF02916}.Debug Production|Any CPU.Build.0 = Debug|Any CPU
		{B6FA0AA3-CCC6-4475-8622-1ED9CAF02916}.Debug|Any CPU.ActiveCfg = Debug|Any CPU
		{B6FA0AA3-CCC6-4475-8622-1ED9CAF02916}.Debug|Any CPU.Build.0 = Debug|Any CPU
		{B6FA0AA3-CCC6-4475-8622-1ED9CAF02916}.Prod|Any CPU.ActiveCfg = Debug|Any CPU
		{B6FA0AA3-CCC6-4475-8622-1ED9CAF02916}.Prod|Any CPU.Build.0 = Debug|Any CPU
		{B6FA0AA3-CCC6-4475-8622-1ED9CAF02916}.Release|Any CPU.ActiveCfg = Release|Any CPU
		{B6FA0AA3-CCC6-4475-8622-1ED9CAF02916}.Release|Any CPU.Build.0 = Release|Any CPU
		{14FF4621-08D8-43CE-A57B-33884B988AD0}.Debug Production|Any CPU.ActiveCfg = Debug|Any CPU
		{14FF4621-08D8-43CE-A57B-33884B988AD0}.Debug Production|Any CPU.Build.0 = Debug|Any CPU
		{14FF4621-08D8-43CE-A57B-33884B988AD0}.Debug|Any CPU.ActiveCfg = Debug|Any CPU
		{14FF4621-08D8-43CE-A57B-33884B988AD0}.Debug|Any CPU.Build.0 = Debug|Any CPU
		{14FF4621-08D8-43CE-A57B-33884B988AD0}.Prod|Any CPU.ActiveCfg = Debug|Any CPU
		{14FF4621-08D8-43CE-A57B-33884B988AD0}.Prod|Any CPU.Build.0 = Debug|Any CPU
		{14FF4621-08D8-43CE-A57B-33884B988AD0}.Release|Any CPU.ActiveCfg = Release|Any CPU
		{14FF4621-08D8-43CE-A57B-33884B988AD0}.Release|Any CPU.Build.0 = Release|Any CPU
		{C32EDC70-5D41-492E-9A4E-3291215BB6B9}.Debug Production|Any CPU.ActiveCfg = Debug|Any CPU
		{C32EDC70-5D41-492E-9A4E-3291215BB6B9}.Debug Production|Any CPU.Build.0 = Debug|Any CPU
		{C32EDC70-5D41-492E-9A4E-3291215BB6B9}.Debug|Any CPU.ActiveCfg = Debug|Any CPU
		{C32EDC70-5D41-492E-9A4E-3291215BB6B9}.Debug|Any CPU.Build.0 = Debug|Any CPU
		{C32EDC70-5D41-492E-9A4E-3291215BB6B9}.Prod|Any CPU.ActiveCfg = Debug|Any CPU
		{C32EDC70-5D41-492E-9A4E-3291215BB6B9}.Prod|Any CPU.Build.0 = Debug|Any CPU
		{C32EDC70-5D41-492E-9A4E-3291215BB6B9}.Release|Any CPU.ActiveCfg = Release|Any CPU
		{C32EDC70-5D41-492E-9A4E-3291215BB6B9}.Release|Any CPU.Build.0 = Release|Any CPU
		{5C3B1F88-D942-4C91-8C86-828FA57D5D83}.Debug Production|Any CPU.ActiveCfg = Debug|Any CPU
		{5C3B1F88-D942-4C91-8C86-828FA57D5D83}.Debug Production|Any CPU.Build.0 = Debug|Any CPU
		{5C3B1F88-D942-4C91-8C86-828FA57D5D83}.Debug|Any CPU.ActiveCfg = Debug|Any CPU
		{5C3B1F88-D942-4C91-8C86-828FA57D5D83}.Debug|Any CPU.Build.0 = Debug|Any CPU
		{5C3B1F88-D942-4C91-8C86-828FA57D5D83}.Prod|Any CPU.ActiveCfg = Debug|Any CPU
		{5C3B1F88-D942-4C91-8C86-828FA57D5D83}.Prod|Any CPU.Build.0 = Debug|Any CPU
		{5C3B1F88-D942-4C91-8C86-828FA57D5D83}.Release|Any CPU.ActiveCfg = Release|Any CPU
		{5C3B1F88-D942-4C91-8C86-828FA57D5D83}.Release|Any CPU.Build.0 = Release|Any CPU
		{D4BE949C-FE0B-49CF-B2E7-BFE9700E91B4}.Debug Production|Any CPU.ActiveCfg = Debug|Any CPU
		{D4BE949C-FE0B-49CF-B2E7-BFE9700E91B4}.Debug Production|Any CPU.Build.0 = Debug|Any CPU
		{D4BE949C-FE0B-49CF-B2E7-BFE9700E91B4}.Debug|Any CPU.ActiveCfg = Debug|Any CPU
		{D4BE949C-FE0B-49CF-B2E7-BFE9700E91B4}.Debug|Any CPU.Build.0 = Debug|Any CPU
		{D4BE949C-FE0B-49CF-B2E7-BFE9700E91B4}.Prod|Any CPU.ActiveCfg = Debug|Any CPU
		{D4BE949C-FE0B-49CF-B2E7-BFE9700E91B4}.Prod|Any CPU.Build.0 = Debug|Any CPU
		{D4BE949C-FE0B-49CF-B2E7-BFE9700E91B4}.Release|Any CPU.ActiveCfg = Release|Any CPU
		{D4BE949C-FE0B-49CF-B2E7-BFE9700E91B4}.Release|Any CPU.Build.0 = Release|Any CPU
		{ABB192CD-B1A6-4D76-B476-4CF3AA2C87B8}.Debug Production|Any CPU.ActiveCfg = Debug|Any CPU
		{ABB192CD-B1A6-4D76-B476-4CF3AA2C87B8}.Debug Production|Any CPU.Build.0 = Debug|Any CPU
		{ABB192CD-B1A6-4D76-B476-4CF3AA2C87B8}.Debug|Any CPU.ActiveCfg = Debug|Any CPU
		{ABB192CD-B1A6-4D76-B476-4CF3AA2C87B8}.Debug|Any CPU.Build.0 = Debug|Any CPU
		{ABB192CD-B1A6-4D76-B476-4CF3AA2C87B8}.Prod|Any CPU.ActiveCfg = Debug|Any CPU
		{ABB192CD-B1A6-4D76-B476-4CF3AA2C87B8}.Prod|Any CPU.Build.0 = Debug|Any CPU
		{ABB192CD-B1A6-4D76-B476-4CF3AA2C87B8}.Release|Any CPU.ActiveCfg = Release|Any CPU
		{ABB192CD-B1A6-4D76-B476-4CF3AA2C87B8}.Release|Any CPU.Build.0 = Release|Any CPU
		{C8CD7A87-CA5E-4D37-A744-A1BFC801851F}.Debug Production|Any CPU.ActiveCfg = Debug|Any CPU
		{C8CD7A87-CA5E-4D37-A744-A1BFC801851F}.Debug Production|Any CPU.Build.0 = Debug|Any CPU
		{C8CD7A87-CA5E-4D37-A744-A1BFC801851F}.Debug|Any CPU.ActiveCfg = Debug|Any CPU
		{C8CD7A87-CA5E-4D37-A744-A1BFC801851F}.Debug|Any CPU.Build.0 = Debug|Any CPU
		{C8CD7A87-CA5E-4D37-A744-A1BFC801851F}.Prod|Any CPU.ActiveCfg = Debug|Any CPU
		{C8CD7A87-CA5E-4D37-A744-A1BFC801851F}.Prod|Any CPU.Build.0 = Debug|Any CPU
		{C8CD7A87-CA5E-4D37-A744-A1BFC801851F}.Release|Any CPU.ActiveCfg = Release|Any CPU
		{C8CD7A87-CA5E-4D37-A744-A1BFC801851F}.Release|Any CPU.Build.0 = Release|Any CPU
		{B18A54C6-39EA-4F14-B7EB-83563DC92EA5}.Debug Production|Any CPU.ActiveCfg = Debug|Any CPU
		{B18A54C6-39EA-4F14-B7EB-83563DC92EA5}.Debug Production|Any CPU.Build.0 = Debug|Any CPU
		{B18A54C6-39EA-4F14-B7EB-83563DC92EA5}.Debug|Any CPU.ActiveCfg = Debug|Any CPU
		{B18A54C6-39EA-4F14-B7EB-83563DC92EA5}.Debug|Any CPU.Build.0 = Debug|Any CPU
		{B18A54C6-39EA-4F14-B7EB-83563DC92EA5}.Prod|Any CPU.ActiveCfg = Debug|Any CPU
		{B18A54C6-39EA-4F14-B7EB-83563DC92EA5}.Prod|Any CPU.Build.0 = Debug|Any CPU
		{B18A54C6-39EA-4F14-B7EB-83563DC92EA5}.Release|Any CPU.ActiveCfg = Release|Any CPU
		{B18A54C6-39EA-4F14-B7EB-83563DC92EA5}.Release|Any CPU.Build.0 = Release|Any CPU
		{7921A92B-9F78-4E1E-A71C-1D38157ADEC6}.Debug Production|Any CPU.ActiveCfg = Debug|Any CPU
		{7921A92B-9F78-4E1E-A71C-1D38157ADEC6}.Debug Production|Any CPU.Build.0 = Debug|Any CPU
		{7921A92B-9F78-4E1E-A71C-1D38157ADEC6}.Debug|Any CPU.ActiveCfg = Debug|Any CPU
		{7921A92B-9F78-4E1E-A71C-1D38157ADEC6}.Debug|Any CPU.Build.0 = Debug|Any CPU
		{7921A92B-9F78-4E1E-A71C-1D38157ADEC6}.Prod|Any CPU.ActiveCfg = Debug|Any CPU
		{7921A92B-9F78-4E1E-A71C-1D38157ADEC6}.Prod|Any CPU.Build.0 = Debug|Any CPU
		{7921A92B-9F78-4E1E-A71C-1D38157ADEC6}.Release|Any CPU.ActiveCfg = Release|Any CPU
		{7921A92B-9F78-4E1E-A71C-1D38157ADEC6}.Release|Any CPU.Build.0 = Release|Any CPU
		{C8F412EB-645B-42EA-B21E-5A04D813D930}.Debug Production|Any CPU.ActiveCfg = Debug|Any CPU
		{C8F412EB-645B-42EA-B21E-5A04D813D930}.Debug Production|Any CPU.Build.0 = Debug|Any CPU
		{C8F412EB-645B-42EA-B21E-5A04D813D930}.Debug|Any CPU.ActiveCfg = Debug|Any CPU
		{C8F412EB-645B-42EA-B21E-5A04D813D930}.Debug|Any CPU.Build.0 = Debug|Any CPU
		{C8F412EB-645B-42EA-B21E-5A04D813D930}.Prod|Any CPU.ActiveCfg = Debug|Any CPU
		{C8F412EB-645B-42EA-B21E-5A04D813D930}.Prod|Any CPU.Build.0 = Debug|Any CPU
		{C8F412EB-645B-42EA-B21E-5A04D813D930}.Release|Any CPU.ActiveCfg = Release|Any CPU
		{C8F412EB-645B-42EA-B21E-5A04D813D930}.Release|Any CPU.Build.0 = Release|Any CPU
	EndGlobalSection
	GlobalSection(SolutionProperties) = preSolution
		HideSolutionNode = FALSE
	EndGlobalSection
	GlobalSection(ExtensibilityGlobals) = postSolution
		SolutionGuid = {A47C9596-D4CD-47A2-A189-088EBA926FF1}
	EndGlobalSection
EndGlobal
